
Microsoft Visual Studio Solution File, Format Version 12.00
# Visual Studio 15
VisualStudioVersion = 15.0.28307.1082
MinimumVisualStudioVersion = 10.0.40219.1
Project("{FAE04EC0-301F-11D3-BF4B-00C04F79EFBC}") = "Cuahanghoa", "Cuahanghoa\Cuahanghoa.csproj", "{4F69A319-F18C-4744-876B-73465F7FE2B0}"
EndProject
Global
	GlobalSection(SolutionConfigurationPlatforms) = preSolution
		Debug|Any CPU = Debug|Any CPU
		Release|Any CPU = Release|Any CPU
	EndGlobalSection
	GlobalSection(ProjectConfigurationPlatforms) = postSolution
		{4F69A319-F18C-4744-876B-73465F7FE2B0}.Debug|Any CPU.ActiveCfg = Debug|Any CPU
		{4F69A319-F18C-4744-876B-73465F7FE2B0}.Debug|Any CPU.Build.0 = Debug|Any CPU
		{4F69A319-F18C-4744-876B-73465F7FE2B0}.Release|Any CPU.ActiveCfg = Release|Any CPU
		{4F69A319-F18C-4744-876B-73465F7FE2B0}.Release|Any CPU.Build.0 = Release|Any CPU
	EndGlobalSection
	GlobalSection(SolutionProperties) = preSolution
		HideSolutionNode = FALSE
	EndGlobalSection
	GlobalSection(ExtensibilityGlobals) = postSolution
		SolutionGuid = {6282BC1E-5062-412B-A7F8-CB6E550ABC97}
	EndGlobalSection
EndGlobal
